Microsoft Visual Studio Solution File, Format Version 12.00
# Visual Studio Version 17
VisualStudioVersion = 17.0.31903.59
MinimumVisualStudioVersion = 10.0.40219.1
Project("{FAE04EC0-301F-11D3-BF4B-00C04F79EFBC}") = "MedicalImagingStudyManager.Api", "MedicalImagingStudyManager.Api\MedicalImagingStudyManager.Api.csproj", "{B50D8459-316C-4D89-8C1E-0A695E32B36B}"
EndProject
Project("{FAE04EC0-301F-11D3-BF4B-00C04F79EFBC}") = "MedicalImagingStudyManager.Tests", "MedicalImagingStudyManager.Tests\MedicalImagingStudyManager.Tests.csproj", "{50E0CECE-60E9-4015-A4D0-BE6F6FDD7204}"
EndProject
Global
	GlobalSection(SolutionConfigurationPlatforms) = preSolution
		Debug|Any CPU = Debug|Any CPU
		Release|Any CPU = Release|Any CPU
	EndGlobalSection
	GlobalSection(ProjectConfigurationPlatforms) = postSolution
		{B50D8459-316C-4D89-8C1E-0A695E32B36B}.Debug|Any CPU.ActiveCfg = Debug|Any CPU
		{B50D8459-316C-4D89-8C1E-0A695E32B36B}.Debug|Any CPU.Build.0 = Debug|Any CPU
		{B50D8459-316C-4D89-8C1E-0A695E32B36B}.Release|Any CPU.ActiveCfg = Release|Any CPU
		{B50D8459-316C-4D89-8C1E-0A695E32B36B}.Release|Any CPU.Build.0 = Release|Any CPU
		{50E0CECE-60E9-4015-A4D0-BE6F6FDD7204}.Debug|Any CPU.ActiveCfg = Debug|Any CPU
		{50E0CECE-60E9-4015-A4D0-BE6F6FDD7204}.Debug|Any CPU.Build.0 = Debug|Any CPU
		{50E0CECE-60E9-4015-A4D0-BE6F6FDD7204}.Release|Any CPU.ActiveCfg = Release|Any CPU
		{50E0CECE-60E9-4015-A4D0-BE6F6FDD7204}.Release|Any CPU.Build.0 = Release|Any CPU
	EndGlobalSection
EndGlobal
